
Microsoft Visual Studio Solution File, Format Version 12.00
# Visual Studio Version 16
VisualStudioVersion = 16.0.31702.278
MinimumVisualStudioVersion = 10.0.40219.1
Project("{8BC9CEB8-8B4A-11D0-8D11-00A0C91BC942}") = "1ind", "1ind\1ind.vcxproj", "{3C548324-9376-44AC-8CE2-4DA5A8228D54}"
EndProject
Global
	GlobalSection(SolutionConfigurationPlatforms) = preSolution
		Debug|x64 = Debug|x64
		Debug|x86 = Debug|x86
		Release|x64 = Release|x64
		Release|x86 = Release|x86
	EndGlobalSection
	GlobalSection(ProjectConfigurationPlatforms) = postSolution
		{3C548324-9376-44AC-8CE2-4DA5A8228D54}.Debug|x64.ActiveCfg = Debug|x64
		{3C548324-9376-44AC-8CE2-4DA5A8228D54}.Debug|x64.Build.0 = Debug|x64
		{3C548324-9376-44AC-8CE2-4DA5A8228D54}.Debug|x86.ActiveCfg = Debug|Win32
		{3C548324-9376-44AC-8CE2-4DA5A8228D54}.Debug|x86.Build.0 = Debug|Win32
		{3C548324-9376-44AC-8CE2-4DA5A8228D54}.Release|x64.ActiveCfg = Release|x64
		{3C548324-9376-44AC-8CE2-4DA5A8228D54}.Release|x64.Build.0 = Release|x64
		{3C548324-9376-44AC-8CE2-4DA5A8228D54}.Release|x86.ActiveCfg = Release|Win32
		{3C548324-9376-44AC-8CE2-4DA5A8228D54}.Release|x86.Build.0 = Release|Win32
	EndGlobalSection
	GlobalSection(SolutionProperties) = preSolution
		HideSolutionNode = FALSE
	EndGlobalSection
	GlobalSection(ExtensibilityGlobals) = postSolution
		SolutionGuid = {81CCB144-F4D1-402C-9E5A-AFFAFF4D332C}
	EndGlobalSection
EndGlobal
